
Microsoft Visual Studio Solution File, Format Version 12.00
# Visual Studio 15
VisualStudioVersion = 15.0.27428.2005
MinimumVisualStudioVersion = 10.0.40219.1
Project("{8BC9CEB8-8B4A-11D0-8D11-00A0C91BC942}") = "TextGameTutorial", "TextGameTutorial\TextGameTutorial.vcxproj", "{99538092-19CA-4992-8BD5-8EC1D9D0E7DB}"
EndProject
Project("{2150E333-8FDC-42A3-9474-1A3956D46DE8}") = "Docs", "Docs", "{25432DA9-2AE9-45A7-A3FB-E61EAB891F8A}"
	ProjectSection(SolutionItems) = preProject
		README.md = README.md
	EndProjectSection
EndProject
Global
	GlobalSection(SolutionConfigurationPlatforms) = preSolution
		Debug|x64 = Debug|x64
		Debug|x86 = Debug|x86
		Release|x64 = Release|x64
		Release|x86 = Release|x86
	EndGlobalSection
	GlobalSection(ProjectConfigurationPlatforms) = postSolution
		{99538092-19CA-4992-8BD5-8EC1D9D0E7DB}.Debug|x64.ActiveCfg = Debug|x64
		{99538092-19CA-4992-8BD5-8EC1D9D0E7DB}.Debug|x64.Build.0 = Debug|x64
		{99538092-19CA-4992-8BD5-8EC1D9D0E7DB}.Debug|x86.ActiveCfg = Debug|Win32
		{99538092-19CA-4992-8BD5-8EC1D9D0E7DB}.Debug|x86.Build.0 = Debug|Win32
		{99538092-19CA-4992-8BD5-8EC1D9D0E7DB}.Release|x64.ActiveCfg = Release|x64
		{99538092-19CA-4992-8BD5-8EC1D9D0E7DB}.Release|x64.Build.0 = Release|x64
		{99538092-19CA-4992-8BD5-8EC1D9D0E7DB}.Release|x86.ActiveCfg = Release|Win32
		{99538092-19CA-4992-8BD5-8EC1D9D0E7DB}.Release|x86.Build.0 = Release|Win32
	EndGlobalSection
	GlobalSection(SolutionProperties) = preSolution
		HideSolutionNode = FALSE
	EndGlobalSection
	GlobalSection(ExtensibilityGlobals) = postSolution
		SolutionGuid = {9E19E594-6FFE-457F-B950-1B481FBBFCE6}
	EndGlobalSection
EndGlobal
